{
  "name": "plain",
  "version": "1.0.0",
  "lockfileVersion": 3,
  "requires": true,
  "packages": {
    "": {
      "name": "plain",
      "version": "1.0.0",
      "license": "ISC",
      "dependencies": {
        "tightset": "^0.1.0"
      }
    },
    "node_modules/tightset": {
      "version": "0.1.0",
      "resolved": "https://registry.npmjs.org/tightset/-/tightset-0.1.0.tgz",
      "integrity": "sha512-ZVSaeysmOufTzwCwliAOXbzhYz5INx1+r5HW/qpej2shckCJ1eD3amFUflWFuS3tc3CTMePCgadkPCTfBTYE2A==",
      "license": "MIT",
      "peerDependencies": {
        "@angular/core": ">=16",
        "react": ">=18",
        "svelte": ">=4",
        "vue": ">=3"
      },
      "peerDependenciesMeta": {
        "@angular/core": {
          "optional": true
        },
        "react": {
          "optional": true
        },
        "svelte": {
          "optional": true
        },
        "vue": {
          "optional": true
        }
      }
    }
  }
}
